
Microsoft Visual Studio Solution File, Format Version 12.00
# Visual Studio Version 16
VisualStudioVersion = 16.0.30225.117
MinimumVisualStudioVersion = 10.0.40219.1
Project("{FAE04EC0-301F-11D3-BF4B-00C04F79EFBC}") = "LayoutViewCshtmlMasterPageMVC", "LayoutViewCshtmlMasterPageMVC.csproj", "{5C9DABAE-993F-4CD5-A742-CB0D1AD9319F}"
EndProject
Global
	GlobalSection(SolutionConfigurationPlatforms) = preSolution
		Debug|Any CPU = Debug|Any CPU
		Release|Any CPU = Release|Any CPU
	EndGlobalSection
	GlobalSection(ProjectConfigurationPlatforms) = postSolution
		{5C9DABAE-993F-4CD5-A742-CB0D1AD9319F}.Debug|Any CPU.ActiveCfg = Debug|Any CPU
		{5C9DABAE-993F-4CD5-A742-CB0D1AD9319F}.Debug|Any CPU.Build.0 = Debug|Any CPU
		{5C9DABAE-993F-4CD5-A742-CB0D1AD9319F}.Release|Any CPU.ActiveCfg = Release|Any CPU
		{5C9DABAE-993F-4CD5-A742-CB0D1AD9319F}.Release|Any CPU.Build.0 = Release|Any CPU
	EndGlobalSection
	GlobalSection(SolutionProperties) = preSolution
		HideSolutionNode = FALSE
	EndGlobalSection
	GlobalSection(ExtensibilityGlobals) = postSolution
		SolutionGuid = {6DF3989B-496A-4AF2-8F63-F5D8979D57EC}
	EndGlobalSection
EndGlobal
